// !$*UTF8*$!
{
	archiveVersion = 1;
	classes = {
	};
	objectVersion = 50;
	objects = {

/* Begin PBXBuildFile section */
		799D90C925A667FE00D1E1D0 /* AppDelegate.swift in Sources */ = {isa = PBXBuildFile; fileRef = 799D90C825A667FE00D1E1D0 /* AppDelegate.swift */; };
		799D90CD25A6680000D1E1D0 /* Assets.xcassets in Resources */ = {isa = PBXBuildFile; fileRef = 799D90CC25A6680000D1E1D0 /* Assets.xcassets */; };
		799D90D025A6680000D1E1D0 /* Main.storyboard in Resources */ = {isa = PBXBuildFile; fileRef = 799D90CE25A6680000D1E1D0 /* Main.storyboard */; };
		799D90E325A668B600D1E1D0 /* MediaApplicationWatcher.swift in Sources */ = {isa = PBXBuildFile; fileRef = 799D90DD25A668B600D1E1D0 /* MediaApplicationWatcher.swift */; };
		799D90E425A668B600D1E1D0 /* Extensions.swift in Sources */ = {isa = PBXBuildFile; fileRef = 799D90DE25A668B600D1E1D0 /* Extensions.swift */; };
		799D90E525A668B600D1E1D0 /* MediaKeyTapInternals.swift in Sources */ = {isa = PBXBuildFile; fileRef = 799D90DF25A668B600D1E1D0 /* MediaKeyTapInternals.swift */; };
		799D90E625A668B600D1E1D0 /* MediaKeyTap.swift in Sources */ = {isa = PBXBuildFile; fileRef = 799D90E025A668B600D1E1D0 /* MediaKeyTap.swift */; };
		799D90E725A668B600D1E1D0 /* LICENSE in Resources */ = {isa = PBXBuildFile; fileRef = 799D90E125A668B600D1E1D0 /* LICENSE */; };
		799D90E825A668B600D1E1D0 /* NSEventExtensions.swift in Sources */ = {isa = PBXBuildFile; fileRef = 799D90E225A668B600D1E1D0 /* NSEventExtensions.swift */; };
		799D90EB25A66AB600D1E1D0 /* WebViewController.swift in Sources */ = {isa = PBXBuildFile; fileRef = 799D90EA25A66AB600D1E1D0 /* WebViewController.swift */; };
/* End PBXBuildFile section */

/* Begin PBXFileReference section */
		799D90C525A667FE00D1E1D0 /* Sounds.app */ = {isa = PBXFileReference; explicitFileType = wrapper.application; includeInIndex = 0; path = Sounds.app; sourceTree = BUILT_PRODUCTS_DIR; };
		799D90C825A667FE00D1E1D0 /* AppDelegate.swift */ = {isa = PBXFileReference; lastKnownFileType = sourcecode.swift; path = AppDelegate.swift; sourceTree = "<group>"; };
		799D90CC25A6680000D1E1D0 /* Assets.xcassets */ = {isa = PBXFileReference; lastKnownFileType = folder.assetcatalog; path = Assets.xcassets; sourceTree = "<group>"; };
		799D90CF25A6680000D1E1D0 /* Base */ = {isa = PBXFileReference; lastKnownFileType = file.storyboard; name = Base; path = Base.lproj/Main.storyboard; sourceTree = "<group>"; };
		799D90D125A6680000D1E1D0 /* Info.plist */ = {isa = PBXFileReference; lastKnownFileType = text.plist.xml; path = Info.plist; sourceTree = "<group>"; };
		799D90D225A6680100D1E1D0 /* Sounds.entitlements */ = {isa = PBXFileReference; lastKnownFileType = text.plist.entitlements; path = Sounds.entitlements; sourceTree = "<group>"; };
		799D90DD25A668B600D1E1D0 /* MediaApplicationWatcher.swift */ = {isa = PBXFileReference; fileEncoding = 4; lastKnownFileType = sourcecode.swift; path = MediaApplicationWatcher.swift; sourceTree = "<group>"; };
		799D90DE25A668B600D1E1D0 /* Extensions.swift */ = {isa = PBXFileReference; fileEncoding = 4; lastKnownFileType = sourcecode.swift; path = Extensions.swift; sourceTree = "<group>"; };
		799D90DF25A668B600D1E1D0 /* MediaKeyTapInternals.swift */ = {isa = PBXFileReference; fileEncoding = 4; lastKnownFileType = sourcecode.swift; path = MediaKeyTapInternals.swift; sourceTree = "<group>"; };
		799D90E025A668B600D1E1D0 /* MediaKeyTap.swift */ = {isa = PBXFileReference; fileEncoding = 4; lastKnownFileType = sourcecode.swift; path = MediaKeyTap.swift; sourceTree = "<group>"; };
		799D90E125A668B600D1E1D0 /* LICENSE */ = {isa = PBXFileReference; fileEncoding = 4; lastKnownFileType = text; path = LICENSE; sourceTree = "<group>"; };
		799D90E225A668B600D1E1D0 /* NSEventExtensions.swift */ = {isa = PBXFileReference; fileEncoding = 4; lastKnownFileType = sourcecode.swift; path = NSEventExtensions.swift; sourceTree = "<group>"; };
		799D90EA25A66AB600D1E1D0 /* WebViewController.swift */ = {isa = PBXFileReference; lastKnownFileType = sourcecode.swift; path = WebViewController.swift; sourceTree = "<group>"; };
/* End PBXFileReference section */

/* Begin PBXFrameworksBuildPhase section */
		799D90C225A667FE00D1E1D0 /* Frameworks */ = {
			isa = PBXFrameworksBuildPhase;
			buildActionMask = 2147483647;
			files = (
			);
			runOnlyForDeploymentPostprocessing = 0;
		};
/* End PBXFrameworksBuildPhase section */

/* Begin PBXGroup section */
		799D90BC25A667FE00D1E1D0 = {
			isa = PBXGroup;
			children = (
				799D90C725A667FE00D1E1D0 /* Sounds */,
				799D90C625A667FE00D1E1D0 /* Products */,
				799D90DB25A6687A00D1E1D0 /* Libraries */,
			);
			sourceTree = "<group>";
		};
		799D90C625A667FE00D1E1D0 /* Products */ = {
			isa = PBXGroup;
			children = (
				799D90C525A667FE00D1E1D0 /* Sounds.app */,
			);
			name = Products;
			sourceTree = "<group>";
		};
		799D90C725A667FE00D1E1D0 /* Sounds */ = {
			isa = PBXGroup;
			children = (
				799D90C825A667FE00D1E1D0 /* AppDelegate.swift */,
				799D90CC25A6680000D1E1D0 /* Assets.xcassets */,
				799D90CE25A6680000D1E1D0 /* Main.storyboard */,
				799D90D125A6680000D1E1D0 /* Info.plist */,
				799D90D225A6680100D1E1D0 /* Sounds.entitlements */,
				799D90EA25A66AB600D1E1D0 /* WebViewController.swift */,
			);
			path = Sounds;
			sourceTree = "<group>";
		};
		799D90DB25A6687A00D1E1D0 /* Libraries */ = {
			isa = PBXGroup;
			children = (
				799D90DC25A6689F00D1E1D0 /* MediaKeyTap */,
			);
			path = Libraries;
			sourceTree = "<group>";
		};
		799D90DC25A6689F00D1E1D0 /* MediaKeyTap */ = {
			isa = PBXGroup;
			children = (
				799D90DE25A668B600D1E1D0 /* Extensions.swift */,
				799D90E125A668B600D1E1D0 /* LICENSE */,
				799D90DD25A668B600D1E1D0 /* MediaApplicationWatcher.swift */,
				799D90E025A668B600D1E1D0 /* MediaKeyTap.swift */,
				799D90DF25A668B600D1E1D0 /* MediaKeyTapInternals.swift */,
				799D90E225A668B600D1E1D0 /* NSEventExtensions.swift */,
			);
			path = MediaKeyTap;
			sourceTree = "<group>";
		};
/* End PBXGroup section */

/* Begin PBXNativeTarget section */
		799D90C425A667FE00D1E1D0 /* Sounds */ = {
			isa = PBXNativeTarget;
			buildConfigurationList = 799D90D525A6680100D1E1D0 /* Build configuration list for PBXNativeTarget "Sounds" */;
			buildPhases = (
				799D90C125A667FE00D1E1D0 /* Sources */,
				799D90C225A667FE00D1E1D0 /* Frameworks */,
				799D90C325A667FE00D1E1D0 /* Resources */,
			);
			buildRules = (
			);
			dependencies = (
			);
			name = Sounds;
			productName = Sounds;
			productReference = 799D90C525A667FE00D1E1D0 /* Sounds.app */;
			productType = "com.apple.product-type.application";
		};
/* End PBXNativeTarget section */

/* Begin PBXProject section */
		799D90BD25A667FE00D1E1D0 /* Project object */ = {
			isa = PBXProject;
			attributes = {
				LastSwiftUpdateCheck = 1230;
				LastUpgradeCheck = 1340;
				TargetAttributes = {
					799D90C425A667FE00D1E1D0 = {
						CreatedOnToolsVersion = 12.3;
					};
				};
			};
			buildConfigurationList = 799D90C025A667FE00D1E1D0 /* Build configuration list for PBXProject "Sounds" */;
			compatibilityVersion = "Xcode 9.3";
			developmentRegion = en;
			hasScannedForEncodings = 0;
			knownRegions = (
				en,
				Base,
			);
			mainGroup = 799D90BC25A667FE00D1E1D0;
			productRefGroup = 799D90C625A667FE00D1E1D0 /* Products */;
			projectDirPath = "";
			projectRoot = "";
			targets = (
				799D90C425A667FE00D1E1D0 /* Sounds */,
			);
		};
/* End PBXProject section */

/* Begin PBXResourcesBuildPhase section */
		799D90C325A667FE00D1E1D0 /* Resources */ = {
			isa = PBXResourcesBuildPhase;
			buildActionMask = 2147483647;
			files = (
				799D90E725A668B600D1E1D0 /* LICENSE in Resources */,
				799D90CD25A6680000D1E1D0 /* Assets.xcassets in Resources */,
				799D90D025A6680000D1E1D0 /* Main.storyboard in Resources */,
			);
			runOnlyForDeploymentPostprocessing = 0;
		};
/* End PBXResourcesBuildPhase section */

/* Begin PBXSourcesBuildPhase section */
		799D90C125A667FE00D1E1D0 /* Sources */ = {
			isa = PBXSourcesBuildPhase;
			buildActionMask = 2147483647;
			files = (
				799D90E625A668B600D1E1D0 /* MediaKeyTap.swift in Sources */,
				799D90E325A668B600D1E1D0 /* MediaApplicationWatcher.swift in Sources */,
				799D90E825A668B600D1E1D0 /* NSEventExtensions.swift in Sources */,
				799D90C925A667FE00D1E1D0 /* AppDelegate.swift in Sources */,
				799D90E525A668B600D1E1D0 /* MediaKeyTapInternals.swift in Sources */,
				799D90E425A668B600D1E1D0 /* Extensions.swift in Sources */,
				799D90EB25A66AB600D1E1D0 /* WebViewController.swift in Sources */,
			);
			runOnlyForDeploymentPostprocessing = 0;
		};
/* End PBXSourcesBuildPhase section */

/* Begin PBXVariantGroup section */
		799D90CE25A6680000D1E1D0 /* Main.storyboard */ = {
			isa = PBXVariantGroup;
			children = (
				799D90CF25A6680000D1E1D0 /* Base */,
			);
			name = Main.storyboard;
			sourceTree = "<group>";
		};
/* End PBXVariantGroup section */

/* Begin XCBuildConfiguration section */
		799D90D325A6680100D1E1D0 /* Debug */ = {
			isa = XCBuildConfiguration;
			buildSettings = {
				ALWAYS_SEARCH_USER_PATHS = NO;
				CLANG_ANALYZER_NONNULL = YES;
				CLANG_ANALYZER_NUMBER_OBJECT_CONVERSION = YES_AGGRESSIVE;
				CLANG_CXX_LANGUAGE_STANDARD = "gnu++14";
				CLANG_CXX_LIBRARY = "libc++";
				CLANG_ENABLE_MODULES = YES;
				CLANG_ENABLE_OBJC_ARC = YES;
				CLANG_ENABLE_OBJC_WEAK = YES;
				CLANG_WARN_BLOCK_CAPTURE_AUTORELEASING = YES;
				CLANG_WARN_BOOL_CONVERSION = YES;
				CLANG_WARN_COMMA = YES;
				CLANG_WARN_CONSTANT_CONVERSION = YES;
				CLANG_WARN_DEPRECATED_OBJC_IMPLEMENTATIONS = YES;
				CLANG_WARN_DIRECT_OBJC_ISA_USAGE = YES_ERROR;
				CLANG_WARN_DOCUMENTATION_COMMENTS = YES;
				CLANG_WARN_EMPTY_BODY = YES;
				CLANG_WARN_ENUM_CONVERSION = YES;
				CLANG_WARN_INFINITE_RECURSION = YES;
				CLANG_WARN_INT_CONVERSION = YES;
				CLANG_WARN_NON_LITERAL_NULL_CONVERSION = YES;
				CLANG_WARN_OBJC_IMPLICIT_RETAIN_SELF = YES;
				CLANG_WARN_OBJC_LITERAL_CONVERSION = YES;
				CLANG_WARN_OBJC_ROOT_CLASS = YES_ERROR;
				CLANG_WARN_QUOTED_INCLUDE_IN_FRAMEWORK_HEADER = YES;
				CLANG_WARN_RANGE_LOOP_ANALYSIS = YES;
				CLANG_WARN_STRICT_PROTOTYPES = YES;
				CLANG_WARN_SUSPICIOUS_MOVE = YES;
				CLANG_WARN_UNGUARDED_AVAILABILITY = YES_AGGRESSIVE;
				CLANG_WARN_UNREACHABLE_CODE = YES;
				CLANG_WARN__DUPLICATE_METHOD_MATCH = YES;
				COPY_PHASE_STRIP = NO;
				DEBUG_INFORMATION_FORMAT = dwarf;
				ENABLE_STRICT_OBJC_MSGSEND = YES;
				ENABLE_TESTABILITY = YES;
				GCC_C_LANGUAGE_STANDARD = gnu11;
				GCC_DYNAMIC_NO_PIC = NO;
				GCC_NO_COMMON_BLOCKS = YES;
				GCC_OPTIMIZATION_LEVEL = 0;
				GCC_PREPROCESSOR_DEFINITIONS = (
					"DEBUG=1",
					"$(inherited)",
				);
				GCC_WARN_64_TO_32_BIT_CONVERSION = YES;
				GCC_WARN_ABOUT_RETURN_TYPE = YES_ERROR;
				GCC_WARN_UNDECLARED_SELECTOR = YES;
				GCC_WARN_UNINITIALIZED_AUTOS = YES_AGGRESSIVE;
				GCC_WARN_UNUSED_FUNCTION = YES;
				GCC_WARN_UNUSED_VARIABLE = YES;
				MACOSX_DEPLOYMENT_TARGET = 11.1;
				MTL_ENABLE_DEBUG_INFO = INCLUDE_SOURCE;
				MTL_FAST_MATH = YES;
				ONLY_ACTIVE_ARCH = YES;
				SDKROOT = macosx;
				SWIFT_ACTIVE_COMPILATION_CONDITIONS = DEBUG;
				SWIFT_OPTIMIZATION_LEVEL = "-Onone";
			};
			name = Debug;
		};
		799D90D425A6680100D1E1D0 /* Release */ = {
			isa = XCBuildConfiguration;
			buildSettings = {
				ALWAYS_SEARCH_USER_PATHS = NO;
				CLANG_ANALYZER_NONNULL = YES;
				CLANG_ANALYZER_NUMBER_OBJECT_CONVERSION = YES_AGGRESSIVE;
				CLANG_CXX_LANGUAGE_STANDARD = "gnu++14";
				CLANG_CXX_LIBRARY = "libc++";
				CLANG_ENABLE_MODULES = YES;
				CLANG_ENABLE_OBJC_ARC = YES;
				CLANG_ENABLE_OBJC_WEAK = YES;
				CLANG_WARN_BLOCK_CAPTURE_AUTORELEASING = YES;
				CLANG_WARN_BOOL_CONVERSION = YES;
				CLANG_WARN_COMMA = YES;
				CLANG_WARN_CONSTANT_CONVERSION = YES;
				CLANG_WARN_DEPRECATED_OBJC_IMPLEMENTATIONS = YES;
				CLANG_WARN_DIRECT_OBJC_ISA_USAGE = YES_ERROR;
				CLANG_WARN_DOCUMENTATION_COMMENTS = YES;
				CLANG_WARN_EMPTY_BODY = YES;
				CLANG_WARN_ENUM_CONVERSION = YES;
				CLANG_WARN_INFINITE_RECURSION = YES;
				CLANG_WARN_INT_CONVERSION = YES;
				CLANG_WARN_NON_LITERAL_NULL_CONVERSION = YES;
				CLANG_WARN_OBJC_IMPLICIT_RETAIN_SELF = YES;
				CLANG_WARN_OBJC_LITERAL_CONVERSION = YES;
				CLANG_WARN_OBJC_ROOT_CLASS = YES_ERROR;
				CLANG_WARN_QUOTED_INCLUDE_IN_FRAMEWORK_HEADER = YES;
				CLANG_WARN_RANGE_LOOP_ANALYSIS = YES;
				CLANG_WARN_STRICT_PROTOTYPES = YES;
				CLANG_WARN_SUSPICIOUS_MOVE = YES;
				CLANG_WARN_UNGUARDED_AVAILABILITY = YES_AGGRESSIVE;
				CLANG_WARN_UNREACHABLE_CODE = YES;
				CLANG_WARN__DUPLICATE_METHOD_MATCH = YES;
				COPY_PHASE_STRIP = NO;
				DEBUG_INFORMATION_FORMAT = "dwarf-with-dsym";
				ENABLE_NS_ASSERTIONS = NO;
				ENABLE_STRICT_OBJC_MSGSEND = YES;
				GCC_C_LANGUAGE_STANDARD = gnu11;
				GCC_NO_COMMON_BLOCKS = YES;
				GCC_WARN_64_TO_32_BIT_CONVERSION = YES;
				GCC_WARN_ABOUT_RETURN_TYPE = YES_ERROR;
				GCC_WARN_UNDECLARED_SELECTOR = YES;
				GCC_WARN_UNINITIALIZED_AUTOS = YES_AGGRESSIVE;
				GCC_WARN_UNUSED_FUNCTION = YES;
				GCC_WARN_UNUSED_VARIABLE = YES;
				MACOSX_DEPLOYMENT_TARGET = 11.1;
				MTL_ENABLE_DEBUG_INFO = NO;
				MTL_FAST_MATH = YES;
				SDKROOT = macosx;
				SWIFT_COMPILATION_MODE = wholemodule;
				SWIFT_OPTIMIZATION_LEVEL = "-O";
			};
			name = Release;
		};
		799D90D625A6680100D1E1D0 /* Debug */ = {
			isa = XCBuildConfiguration;
			buildSettings = {
				ASSETCATALOG_COMPILER_APPICON_NAME = AppIcon;
				ASSETCATALOG_COMPILER_GLOBAL_ACCENT_COLOR_NAME = AccentColor;
				CODE_SIGN_ENTITLEMENTS = Sounds/Sounds.entitlements;
				CODE_SIGN_IDENTITY = "-";
				CODE_SIGN_STYLE = Automatic;
				COMBINE_HIDPI_IMAGES = YES;
				DEVELOPMENT_TEAM = B3JURKS5LT;
				ENABLE_HARDENED_RUNTIME = YES;
				INFOPLIST_FILE = Sounds/Info.plist;
				LD_RUNPATH_SEARCH_PATHS = (
					"$(inherited)",
					"@executable_path/../Frameworks",
				);
				MARKETING_VERSION = 2.0;
				PRODUCT_BUNDLE_IDENTIFIER = com.moocode.Sounds;
				PRODUCT_NAME = "$(TARGET_NAME)";
				SWIFT_VERSION = 5.0;
			};
			name = Debug;
		};
		799D90D725A6680100D1E1D0 /* Release */ = {
			isa = XCBuildConfiguration;
			buildSettings = {
				ASSETCATALOG_COMPILER_APPICON_NAME = AppIcon;
				ASSETCATALOG_COMPILER_GLOBAL_ACCENT_COLOR_NAME = AccentColor;
				CODE_SIGN_ENTITLEMENTS = Sounds/Sounds.entitlements;
				CODE_SIGN_IDENTITY = "-";
				CODE_SIGN_STYLE = Automatic;
				COMBINE_HIDPI_IMAGES = YES;
				DEVELOPMENT_TEAM = B3JURKS5LT;
				ENABLE_HARDENED_RUNTIME = YES;
				INFOPLIST_FILE = Sounds/Info.plist;
				LD_RUNPATH_SEARCH_PATHS = (
					"$(inherited)",
					"@executable_path/../Frameworks",
				);
				MARKETING_VERSION = 2.0;
				PRODUCT_BUNDLE_IDENTIFIER = com.moocode.Sounds;
				PRODUCT_NAME = "$(TARGET_NAME)";
				SWIFT_VERSION = 5.0;
			};
			name = Release;
		};
/* End XCBuildConfiguration section */

/* Begin XCConfigurationList section */
		799D90C025A667FE00D1E1D0 /* Build configuration list for PBXProject "Sounds" */ = {
			isa = XCConfigurationList;
			buildConfigurations = (
				799D90D325A6680100D1E1D0 /* Debug */,
				799D90D425A6680100D1E1D0 /* Release */,
			);
			defaultConfigurationIsVisible = 0;
			defaultConfigurationName = Release;
		};
		799D90D525A6680100D1E1D0 /* Build configuration list for PBXNativeTarget "Sounds" */ = {
			isa = XCConfigurationList;
			buildConfigurations = (
				799D90D625A6680100D1E1D0 /* Debug */,
				799D90D725A6680100D1E1D0 /* Release */,
			);
			defaultConfigurationIsVisible = 0;
			defaultConfigurationName = Release;
		};
/* End XCConfigurationList section */
	};
	rootObject = 799D90BD25A667FE00D1E1D0 /* Project object */;
}
